
Microsoft Visual Studio Solution File, Format Version 12.00
# Visual Studio Version 17
VisualStudioVersion = 17.0.31903.59
MinimumVisualStudioVersion = 10.0.40219.1
Project("{FAE04EC0-301F-11D3-BF4B-00C04F79EFBC}") = "CommentRemover", "src\dotnet\CommentRemover\CommentRemover.csproj", "{74F67CB2-739C-4562-82D9-AA5D6278412C}"
EndProject
Global
	GlobalSection(SolutionConfigurationPlatforms) = preSolution
		Debug|Any CPU = Debug|Any CPU
		Release|Any CPU = Release|Any CPU
	EndGlobalSection
	GlobalSection(ProjectConfigurationPlatforms) = postSolution
		{74F67CB2-739C-4562-82D9-AA5D6278412C}.Debug|Any CPU.ActiveCfg = Debug|Any CPU
		{74F67CB2-739C-4562-82D9-AA5D6278412C}.Debug|Any CPU.Build.0 = Debug|Any CPU
		{74F67CB2-739C-4562-82D9-AA5D6278412C}.Release|Any CPU.ActiveCfg = Release|Any CPU
		{74F67CB2-739C-4562-82D9-AA5D6278412C}.Release|Any CPU.Build.0 = Release|Any CPU
	EndGlobalSection
	GlobalSection(SolutionProperties) = preSolution
		HideSolutionNode = FALSE
	EndGlobalSection
EndGlobal
